
Microsoft Visual Studio Solution File, Format Version 12.00
# Visual Studio Version 16
VisualStudioVersion = 16.0.31729.503
MinimumVisualStudioVersion = 10.0.40219.1
Project("{9A19103F-16F7-4668-BE54-9A1E7A4F7556}") = "Inheritance", "Inheritance\Inheritance.csproj", "{65A96807-066C-4EB1-8552-476C518D0155}"
EndProject
Project("{9A19103F-16F7-4668-BE54-9A1E7A4F7556}") = "Polymorphism", "Polymorphism\Polymorphism.csproj", "{169CB4AB-E9C0-406D-9D7A-519219C691D8}"
EndProject
Project("{9A19103F-16F7-4668-BE54-9A1E7A4F7556}") = "InitOrder", "BuildOrder\InitOrder.csproj", "{E5E671C8-CB99-4333-9476-B66823E58285}"
EndProject
Project("{9A19103F-16F7-4668-BE54-9A1E7A4F7556}") = "AbstractClass", "AbstractClass\AbstractClass.csproj", "{9ED510A2-FD56-4708-8D2B-BB9EA61D1E4F}"
EndProject
Project("{9A19103F-16F7-4668-BE54-9A1E7A4F7556}") = "GenericProgramming", "GenericProgramming\GenericProgramming.csproj", "{CD4EF59A-B35A-4190-A70E-59F52CDA1391}"
EndProject
Project("{9A19103F-16F7-4668-BE54-9A1E7A4F7556}") = "Iterator", "Iterator\Iterator.csproj", "{0E707287-51B1-41AB-865E-F6AE476FB55D}"
EndProject
Project("{9A19103F-16F7-4668-BE54-9A1E7A4F7556}") = "Exceptions", "Exceptions\Exceptions.csproj", "{7E4E0272-376F-4D8D-B80E-CC60918FADAB}"
EndProject
Project("{9A19103F-16F7-4668-BE54-9A1E7A4F7556}") = "ExtensionMethod", "ExtensionMethod\ExtensionMethod.csproj", "{EC5F9780-8D14-4681-A4DC-93D0D1838D11}"
EndProject
Project("{FAE04EC0-301F-11D3-BF4B-00C04F79EFBC}") = "Delegate", "Delegate\Delegate.csproj", "{DF733E89-25B5-4C3D-8ECC-018E2895DD7E}"
EndProject
Project("{FAE04EC0-301F-11D3-BF4B-00C04F79EFBC}") = "EventPrinter", "EventPrinter\EventPrinter.csproj", "{8FBA3C4D-A855-44A7-8C20-886EC3BA9DFA}"
EndProject
Project("{FAE04EC0-301F-11D3-BF4B-00C04F79EFBC}") = "ObservableValueChanged", "ObservableValueChanged\ObservableValueChanged.csproj", "{9EEB94F8-9FD5-44F3-AB9D-6E29C7AB14F8}"
EndProject
Project("{FAE04EC0-301F-11D3-BF4B-00C04F79EFBC}") = "GenericObserver", "GenericObserver\GenericObserver.csproj", "{36740412-8F26-49CF-B4CE-B492E0FCFF98}"
EndProject
Global
	GlobalSection(SolutionConfigurationPlatforms) = preSolution
		Debug|Any CPU = Debug|Any CPU
		Release|Any CPU = Release|Any CPU
	EndGlobalSection
	GlobalSection(ProjectConfigurationPlatforms) = postSolution
		{65A96807-066C-4EB1-8552-476C518D0155}.Debug|Any CPU.ActiveCfg = Debug|Any CPU
		{65A96807-066C-4EB1-8552-476C518D0155}.Debug|Any CPU.Build.0 = Debug|Any CPU
		{65A96807-066C-4EB1-8552-476C518D0155}.Release|Any CPU.ActiveCfg = Release|Any CPU
		{65A96807-066C-4EB1-8552-476C518D0155}.Release|Any CPU.Build.0 = Release|Any CPU
		{169CB4AB-E9C0-406D-9D7A-519219C691D8}.Debug|Any CPU.ActiveCfg = Debug|Any CPU
		{169CB4AB-E9C0-406D-9D7A-519219C691D8}.Debug|Any CPU.Build.0 = Debug|Any CPU
		{169CB4AB-E9C0-406D-9D7A-519219C691D8}.Release|Any CPU.ActiveCfg = Release|Any CPU
		{169CB4AB-E9C0-406D-9D7A-519219C691D8}.Release|Any CPU.Build.0 = Release|Any CPU
		{E5E671C8-CB99-4333-9476-B66823E58285}.Debug|Any CPU.ActiveCfg = Debug|Any CPU
		{E5E671C8-CB99-4333-9476-B66823E58285}.Debug|Any CPU.Build.0 = Debug|Any CPU
		{E5E671C8-CB99-4333-9476-B66823E58285}.Release|Any CPU.ActiveCfg = Release|Any CPU
		{E5E671C8-CB99-4333-9476-B66823E58285}.Release|Any CPU.Build.0 = Release|Any CPU
		{9ED510A2-FD56-4708-8D2B-BB9EA61D1E4F}.Debug|Any CPU.ActiveCfg = Debug|Any CPU
		{9ED510A2-FD56-4708-8D2B-BB9EA61D1E4F}.Debug|Any CPU.Build.0 = Debug|Any CPU
		{9ED510A2-FD56-4708-8D2B-BB9EA61D1E4F}.Release|Any CPU.ActiveCfg = Release|Any CPU
		{9ED510A2-FD56-4708-8D2B-BB9EA61D1E4F}.Release|Any CPU.Build.0 = Release|Any CPU
		{CD4EF59A-B35A-4190-A70E-59F52CDA1391}.Debug|Any CPU.ActiveCfg = Debug|Any CPU
		{CD4EF59A-B35A-4190-A70E-59F52CDA1391}.Debug|Any CPU.Build.0 = Debug|Any CPU
		{CD4EF59A-B35A-4190-A70E-59F52CDA1391}.Release|Any CPU.ActiveCfg = Release|Any CPU
		{CD4EF59A-B35A-4190-A70E-59F52CDA1391}.Release|Any CPU.Build.0 = Release|Any CPU
		{0E707287-51B1-41AB-865E-F6AE476FB55D}.Debug|Any CPU.ActiveCfg = Debug|Any CPU
		{0E707287-51B1-41AB-865E-F6AE476FB55D}.Debug|Any CPU.Build.0 = Debug|Any CPU
		{0E707287-51B1-41AB-865E-F6AE476FB55D}.Release|Any CPU.ActiveCfg = Release|Any CPU
		{0E707287-51B1-41AB-865E-F6AE476FB55D}.Release|Any CPU.Build.0 = Release|Any CPU
		{7E4E0272-376F-4D8D-B80E-CC60918FADAB}.Debug|Any CPU.ActiveCfg = Debug|Any CPU
		{7E4E0272-376F-4D8D-B80E-CC60918FADAB}.Debug|Any CPU.Build.0 = Debug|Any CPU
		{7E4E0272-376F-4D8D-B80E-CC60918FADAB}.Release|Any CPU.ActiveCfg = Release|Any CPU
		{7E4E0272-376F-4D8D-B80E-CC60918FADAB}.Release|Any CPU.Build.0 = Release|Any CPU
		{EC5F9780-8D14-4681-A4DC-93D0D1838D11}.Debug|Any CPU.ActiveCfg = Debug|Any CPU
		{EC5F9780-8D14-4681-A4DC-93D0D1838D11}.Debug|Any CPU.Build.0 = Debug|Any CPU
		{EC5F9780-8D14-4681-A4DC-93D0D1838D11}.Release|Any CPU.ActiveCfg = Release|Any CPU
		{EC5F9780-8D14-4681-A4DC-93D0D1838D11}.Release|Any CPU.Build.0 = Release|Any CPU
		{DF733E89-25B5-4C3D-8ECC-018E2895DD7E}.Debug|Any CPU.ActiveCfg = Debug|Any CPU
		{DF733E89-25B5-4C3D-8ECC-018E2895DD7E}.Debug|Any CPU.Build.0 = Debug|Any CPU
		{DF733E89-25B5-4C3D-8ECC-018E2895DD7E}.Release|Any CPU.ActiveCfg = Release|Any CPU
		{DF733E89-25B5-4C3D-8ECC-018E2895DD7E}.Release|Any CPU.Build.0 = Release|Any CPU
		{8FBA3C4D-A855-44A7-8C20-886EC3BA9DFA}.Debug|Any CPU.ActiveCfg = Debug|Any CPU
		{8FBA3C4D-A855-44A7-8C20-886EC3BA9DFA}.Debug|Any CPU.Build.0 = Debug|Any CPU
		{8FBA3C4D-A855-44A7-8C20-886EC3BA9DFA}.Release|Any CPU.ActiveCfg = Release|Any CPU
		{8FBA3C4D-A855-44A7-8C20-886EC3BA9DFA}.Release|Any CPU.Build.0 = Release|Any CPU
		{9EEB94F8-9FD5-44F3-AB9D-6E29C7AB14F8}.Debug|Any CPU.ActiveCfg = Debug|Any CPU
		{9EEB94F8-9FD5-44F3-AB9D-6E29C7AB14F8}.Debug|Any CPU.Build.0 = Debug|Any CPU
		{9EEB94F8-9FD5-44F3-AB9D-6E29C7AB14F8}.Release|Any CPU.ActiveCfg = Release|Any CPU
		{9EEB94F8-9FD5-44F3-AB9D-6E29C7AB14F8}.Release|Any CPU.Build.0 = Release|Any CPU
		{36740412-8F26-49CF-B4CE-B492E0FCFF98}.Debug|Any CPU.ActiveCfg = Debug|Any CPU
		{36740412-8F26-49CF-B4CE-B492E0FCFF98}.Debug|Any CPU.Build.0 = Debug|Any CPU
		{36740412-8F26-49CF-B4CE-B492E0FCFF98}.Release|Any CPU.ActiveCfg = Release|Any CPU
		{36740412-8F26-49CF-B4CE-B492E0FCFF98}.Release|Any CPU.Build.0 = Release|Any CPU
	EndGlobalSection
	GlobalSection(SolutionProperties) = preSolution
		HideSolutionNode = FALSE
	EndGlobalSection
	GlobalSection(ExtensibilityGlobals) = postSolution
		SolutionGuid = {5F369189-D0E6-4365-A5B9-13A6DDAD91C3}
	EndGlobalSection
EndGlobal
