
Microsoft Visual Studio Solution File, Format Version 12.00
# Visual Studio Version 16
VisualStudioVersion = 16.0.31702.278
MinimumVisualStudioVersion = 10.0.40219.1
Project("{FAE04EC0-301F-11D3-BF4B-00C04F79EFBC}") = "Introduction", "Introduction\Introduction.csproj", "{C20AD59B-3B08-48B4-9F8E-7370CE8695BE}"
EndProject
Global
	GlobalSection(SolutionConfigurationPlatforms) = preSolution
		Debug|Any CPU = Debug|Any CPU
		Release|Any CPU = Release|Any CPU
	EndGlobalSection
	GlobalSection(ProjectConfigurationPlatforms) = postSolution
		{C20AD59B-3B08-48B4-9F8E-7370CE8695BE}.Debug|Any CPU.ActiveCfg = Debug|Any CPU
		{C20AD59B-3B08-48B4-9F8E-7370CE8695BE}.Debug|Any CPU.Build.0 = Debug|Any CPU
		{C20AD59B-3B08-48B4-9F8E-7370CE8695BE}.Release|Any CPU.ActiveCfg = Release|Any CPU
		{C20AD59B-3B08-48B4-9F8E-7370CE8695BE}.Release|Any CPU.Build.0 = Release|Any CPU
	EndGlobalSection
	GlobalSection(SolutionProperties) = preSolution
		HideSolutionNode = FALSE
	EndGlobalSection
	GlobalSection(ExtensibilityGlobals) = postSolution
		SolutionGuid = {66437BD6-299D-435B-B89D-C76AD64D4FAE}
	EndGlobalSection
EndGlobal
