
Microsoft Visual Studio Solution File, Format Version 12.00
# Visual Studio Version 16
VisualStudioVersion = 16.0.31911.196
MinimumVisualStudioVersion = 10.0.40219.1
Project("{9A19103F-16F7-4668-BE54-9A1E7A4F7556}") = "Agree", "Agree\Agree.csproj", "{E6A19961-E0B2-40E6-9A5A-4AE117152C81}"
EndProject
Project("{9A19103F-16F7-4668-BE54-9A1E7A4F7556}") = "GradStatResource", "GradStatResource\GradStatResource.csproj", "{FB42E2A2-84A7-4463-B8B4-CA6D6EB8EE4B}"
EndProject
Project("{9A19103F-16F7-4668-BE54-9A1E7A4F7556}") = "GradNoResource", "GradNoResource\GradNoResource.csproj", "{81ADE67C-E683-422B-9EE5-C227BF356686}"
EndProject
Project("{9A19103F-16F7-4668-BE54-9A1E7A4F7556}") = "FlowMode", "FlowMode\FlowMode.csproj", "{EDA80C66-1573-45DD-8500-B2CE8397BFFD}"
EndProject
Project("{9A19103F-16F7-4668-BE54-9A1E7A4F7556}") = "UpdateTrigger", "UpdateTrigger\UpdateTrigger.csproj", "{BB526192-BB6A-4874-BB3F-8D909CA43BA6}"
EndProject
Project("{9A19103F-16F7-4668-BE54-9A1E7A4F7556}") = "CollNoNotify", "ColNoNotify\CollNoNotify.csproj", "{F260CB7B-19CF-4479-A016-76AABD8EAC93}"
EndProject
Project("{9A19103F-16F7-4668-BE54-9A1E7A4F7556}") = "CollObservable", "ColObservable\CollObservable.csproj", "{575F35B1-9D88-491C-9DAF-E88D67229B1F}"
EndProject
Project("{9A19103F-16F7-4668-BE54-9A1E7A4F7556}") = "Converter", "Converter\Converter.csproj", "{FA00F136-134D-4949-B98E-7A1675D817EB}"
EndProject
Project("{9A19103F-16F7-4668-BE54-9A1E7A4F7556}") = "DataTemplate", "DataTemplate\DataTemplate.csproj", "{3B5CCF15-2D94-4D2D-B662-46DCC54B7906}"
EndProject
Project("{9A19103F-16F7-4668-BE54-9A1E7A4F7556}") = "DataTemplateImplicit", "DataTemplateImplicit\DataTemplateImplicit.csproj", "{C810E458-A37B-48D7-A544-139B37A97EFB}"
EndProject
Project("{9A19103F-16F7-4668-BE54-9A1E7A4F7556}") = "Depend", "Depend\Depend.csproj", "{310B001E-7FE5-41FD-A22E-06D74397F929}"
EndProject
Project("{9A19103F-16F7-4668-BE54-9A1E7A4F7556}") = "NoDepend", "NoDepend\NoDepend.csproj", "{0FD45F82-5A28-4D08-82E3-B4071FFDA1DB}"
EndProject
Project("{9A19103F-16F7-4668-BE54-9A1E7A4F7556}") = "Notify", "Notify\Notify.csproj", "{DE9E26D6-F713-413A-B68D-E8BD7F0EC203}"
EndProject
Project("{9A19103F-16F7-4668-BE54-9A1E7A4F7556}") = "SrcContext", "SrcContext\SrcContext.csproj", "{BFD7A929-E755-4F0B-B2EB-ED03F2B86337}"
EndProject
Project("{9A19103F-16F7-4668-BE54-9A1E7A4F7556}") = "SrcElement", "SrcElement\SrcElement.csproj", "{6FA98A39-35D7-415B-8CD1-5BC1DE1091C6}"
EndProject
Project("{9A19103F-16F7-4668-BE54-9A1E7A4F7556}") = "SrcRelative", "SrcRelative\SrcRelative.csproj", "{895C3379-EA1B-44DA-A776-1363BE21BE0B}"
EndProject
Project("{9A19103F-16F7-4668-BE54-9A1E7A4F7556}") = "SrcSource", "SrcSource\SrcSource.csproj", "{0FF01EAF-790B-4F9D-8A6F-D628363E4631}"
EndProject
Project("{9A19103F-16F7-4668-BE54-9A1E7A4F7556}") = "StyleBase", "StyleBase\StyleBase.csproj", "{D66ABAF9-F733-41C5-A042-89C7D0B3A962}"
EndProject
Project("{9A19103F-16F7-4668-BE54-9A1E7A4F7556}") = "StyleTarget", "StyleTarget\StyleTarget.csproj", "{655A3428-9509-46B8-A29B-3068E5A0B7FD}"
EndProject
Global
	GlobalSection(SolutionConfigurationPlatforms) = preSolution
		Debug|Any CPU = Debug|Any CPU
		Release|Any CPU = Release|Any CPU
	EndGlobalSection
	GlobalSection(ProjectConfigurationPlatforms) = postSolution
		{E6A19961-E0B2-40E6-9A5A-4AE117152C81}.Debug|Any CPU.ActiveCfg = Debug|Any CPU
		{E6A19961-E0B2-40E6-9A5A-4AE117152C81}.Debug|Any CPU.Build.0 = Debug|Any CPU
		{E6A19961-E0B2-40E6-9A5A-4AE117152C81}.Release|Any CPU.ActiveCfg = Release|Any CPU
		{E6A19961-E0B2-40E6-9A5A-4AE117152C81}.Release|Any CPU.Build.0 = Release|Any CPU
		{FB42E2A2-84A7-4463-B8B4-CA6D6EB8EE4B}.Debug|Any CPU.ActiveCfg = Debug|Any CPU
		{FB42E2A2-84A7-4463-B8B4-CA6D6EB8EE4B}.Debug|Any CPU.Build.0 = Debug|Any CPU
		{FB42E2A2-84A7-4463-B8B4-CA6D6EB8EE4B}.Release|Any CPU.ActiveCfg = Release|Any CPU
		{FB42E2A2-84A7-4463-B8B4-CA6D6EB8EE4B}.Release|Any CPU.Build.0 = Release|Any CPU
		{81ADE67C-E683-422B-9EE5-C227BF356686}.Debug|Any CPU.ActiveCfg = Debug|Any CPU
		{81ADE67C-E683-422B-9EE5-C227BF356686}.Debug|Any CPU.Build.0 = Debug|Any CPU
		{81ADE67C-E683-422B-9EE5-C227BF356686}.Release|Any CPU.ActiveCfg = Release|Any CPU
		{81ADE67C-E683-422B-9EE5-C227BF356686}.Release|Any CPU.Build.0 = Release|Any CPU
		{EDA80C66-1573-45DD-8500-B2CE8397BFFD}.Debug|Any CPU.ActiveCfg = Debug|Any CPU
		{EDA80C66-1573-45DD-8500-B2CE8397BFFD}.Debug|Any CPU.Build.0 = Debug|Any CPU
		{EDA80C66-1573-45DD-8500-B2CE8397BFFD}.Release|Any CPU.ActiveCfg = Release|Any CPU
		{EDA80C66-1573-45DD-8500-B2CE8397BFFD}.Release|Any CPU.Build.0 = Release|Any CPU
		{BB526192-BB6A-4874-BB3F-8D909CA43BA6}.Debug|Any CPU.ActiveCfg = Debug|Any CPU
		{BB526192-BB6A-4874-BB3F-8D909CA43BA6}.Debug|Any CPU.Build.0 = Debug|Any CPU
		{BB526192-BB6A-4874-BB3F-8D909CA43BA6}.Release|Any CPU.ActiveCfg = Release|Any CPU
		{BB526192-BB6A-4874-BB3F-8D909CA43BA6}.Release|Any CPU.Build.0 = Release|Any CPU
		{F260CB7B-19CF-4479-A016-76AABD8EAC93}.Debug|Any CPU.ActiveCfg = Debug|Any CPU
		{F260CB7B-19CF-4479-A016-76AABD8EAC93}.Debug|Any CPU.Build.0 = Debug|Any CPU
		{F260CB7B-19CF-4479-A016-76AABD8EAC93}.Release|Any CPU.ActiveCfg = Release|Any CPU
		{F260CB7B-19CF-4479-A016-76AABD8EAC93}.Release|Any CPU.Build.0 = Release|Any CPU
		{575F35B1-9D88-491C-9DAF-E88D67229B1F}.Debug|Any CPU.ActiveCfg = Debug|Any CPU
		{575F35B1-9D88-491C-9DAF-E88D67229B1F}.Debug|Any CPU.Build.0 = Debug|Any CPU
		{575F35B1-9D88-491C-9DAF-E88D67229B1F}.Release|Any CPU.ActiveCfg = Release|Any CPU
		{575F35B1-9D88-491C-9DAF-E88D67229B1F}.Release|Any CPU.Build.0 = Release|Any CPU
		{FA00F136-134D-4949-B98E-7A1675D817EB}.Debug|Any CPU.ActiveCfg = Debug|Any CPU
		{FA00F136-134D-4949-B98E-7A1675D817EB}.Debug|Any CPU.Build.0 = Debug|Any CPU
		{FA00F136-134D-4949-B98E-7A1675D817EB}.Release|Any CPU.ActiveCfg = Release|Any CPU
		{FA00F136-134D-4949-B98E-7A1675D817EB}.Release|Any CPU.Build.0 = Release|Any CPU
		{3B5CCF15-2D94-4D2D-B662-46DCC54B7906}.Debug|Any CPU.ActiveCfg = Debug|Any CPU
		{3B5CCF15-2D94-4D2D-B662-46DCC54B7906}.Debug|Any CPU.Build.0 = Debug|Any CPU
		{3B5CCF15-2D94-4D2D-B662-46DCC54B7906}.Release|Any CPU.ActiveCfg = Release|Any CPU
		{3B5CCF15-2D94-4D2D-B662-46DCC54B7906}.Release|Any CPU.Build.0 = Release|Any CPU
		{C810E458-A37B-48D7-A544-139B37A97EFB}.Debug|Any CPU.ActiveCfg = Debug|Any CPU
		{C810E458-A37B-48D7-A544-139B37A97EFB}.Debug|Any CPU.Build.0 = Debug|Any CPU
		{C810E458-A37B-48D7-A544-139B37A97EFB}.Release|Any CPU.ActiveCfg = Release|Any CPU
		{C810E458-A37B-48D7-A544-139B37A97EFB}.Release|Any CPU.Build.0 = Release|Any CPU
		{310B001E-7FE5-41FD-A22E-06D74397F929}.Debug|Any CPU.ActiveCfg = Debug|Any CPU
		{310B001E-7FE5-41FD-A22E-06D74397F929}.Debug|Any CPU.Build.0 = Debug|Any CPU
		{310B001E-7FE5-41FD-A22E-06D74397F929}.Release|Any CPU.ActiveCfg = Release|Any CPU
		{310B001E-7FE5-41FD-A22E-06D74397F929}.Release|Any CPU.Build.0 = Release|Any CPU
		{0FD45F82-5A28-4D08-82E3-B4071FFDA1DB}.Debug|Any CPU.ActiveCfg = Debug|Any CPU
		{0FD45F82-5A28-4D08-82E3-B4071FFDA1DB}.Debug|Any CPU.Build.0 = Debug|Any CPU
		{0FD45F82-5A28-4D08-82E3-B4071FFDA1DB}.Release|Any CPU.ActiveCfg = Release|Any CPU
		{0FD45F82-5A28-4D08-82E3-B4071FFDA1DB}.Release|Any CPU.Build.0 = Release|Any CPU
		{DE9E26D6-F713-413A-B68D-E8BD7F0EC203}.Debug|Any CPU.ActiveCfg = Debug|Any CPU
		{DE9E26D6-F713-413A-B68D-E8BD7F0EC203}.Debug|Any CPU.Build.0 = Debug|Any CPU
		{DE9E26D6-F713-413A-B68D-E8BD7F0EC203}.Release|Any CPU.ActiveCfg = Release|Any CPU
		{DE9E26D6-F713-413A-B68D-E8BD7F0EC203}.Release|Any CPU.Build.0 = Release|Any CPU
		{BFD7A929-E755-4F0B-B2EB-ED03F2B86337}.Debug|Any CPU.ActiveCfg = Debug|Any CPU
		{BFD7A929-E755-4F0B-B2EB-ED03F2B86337}.Debug|Any CPU.Build.0 = Debug|Any CPU
		{BFD7A929-E755-4F0B-B2EB-ED03F2B86337}.Release|Any CPU.ActiveCfg = Release|Any CPU
		{BFD7A929-E755-4F0B-B2EB-ED03F2B86337}.Release|Any CPU.Build.0 = Release|Any CPU
		{6FA98A39-35D7-415B-8CD1-5BC1DE1091C6}.Debug|Any CPU.ActiveCfg = Debug|Any CPU
		{6FA98A39-35D7-415B-8CD1-5BC1DE1091C6}.Debug|Any CPU.Build.0 = Debug|Any CPU
		{6FA98A39-35D7-415B-8CD1-5BC1DE1091C6}.Release|Any CPU.ActiveCfg = Release|Any CPU
		{6FA98A39-35D7-415B-8CD1-5BC1DE1091C6}.Release|Any CPU.Build.0 = Release|Any CPU
		{895C3379-EA1B-44DA-A776-1363BE21BE0B}.Debug|Any CPU.ActiveCfg = Debug|Any CPU
		{895C3379-EA1B-44DA-A776-1363BE21BE0B}.Debug|Any CPU.Build.0 = Debug|Any CPU
		{895C3379-EA1B-44DA-A776-1363BE21BE0B}.Release|Any CPU.ActiveCfg = Release|Any CPU
		{895C3379-EA1B-44DA-A776-1363BE21BE0B}.Release|Any CPU.Build.0 = Release|Any CPU
		{0FF01EAF-790B-4F9D-8A6F-D628363E4631}.Debug|Any CPU.ActiveCfg = Debug|Any CPU
		{0FF01EAF-790B-4F9D-8A6F-D628363E4631}.Debug|Any CPU.Build.0 = Debug|Any CPU
		{0FF01EAF-790B-4F9D-8A6F-D628363E4631}.Release|Any CPU.ActiveCfg = Release|Any CPU
		{0FF01EAF-790B-4F9D-8A6F-D628363E4631}.Release|Any CPU.Build.0 = Release|Any CPU
		{D66ABAF9-F733-41C5-A042-89C7D0B3A962}.Debug|Any CPU.ActiveCfg = Debug|Any CPU
		{D66ABAF9-F733-41C5-A042-89C7D0B3A962}.Debug|Any CPU.Build.0 = Debug|Any CPU
		{D66ABAF9-F733-41C5-A042-89C7D0B3A962}.Release|Any CPU.ActiveCfg = Release|Any CPU
		{D66ABAF9-F733-41C5-A042-89C7D0B3A962}.Release|Any CPU.Build.0 = Release|Any CPU
		{655A3428-9509-46B8-A29B-3068E5A0B7FD}.Debug|Any CPU.ActiveCfg = Debug|Any CPU
		{655A3428-9509-46B8-A29B-3068E5A0B7FD}.Debug|Any CPU.Build.0 = Debug|Any CPU
		{655A3428-9509-46B8-A29B-3068E5A0B7FD}.Release|Any CPU.ActiveCfg = Release|Any CPU
		{655A3428-9509-46B8-A29B-3068E5A0B7FD}.Release|Any CPU.Build.0 = Release|Any CPU
	EndGlobalSection
	GlobalSection(SolutionProperties) = preSolution
		HideSolutionNode = FALSE
	EndGlobalSection
	GlobalSection(ExtensibilityGlobals) = postSolution
		SolutionGuid = {C2DA7515-B0C8-4FB3-B477-DEFF2E302E35}
	EndGlobalSection
EndGlobal
